
Microsoft Visual Studio Solution File, Format Version 12.00
# Visual Studio Version 17
VisualStudioVersion = 17.0.31410.414
MinimumVisualStudioVersion = 10.0.40219.1
Project("{FAE04EC0-301F-11D3-BF4B-00C04F79EFBC}") = "Core6", "Core6.csproj", "{709E84EA-10AE-445D-ABAD-35DE51D67373}"
EndProject
Global
	GlobalSection(SolutionConfigurationPlatforms) = preSolution
		Debug|Any CPU = Debug|Any CPU
		Release|Any CPU = Release|Any CPU
	EndGlobalSection
	GlobalSection(ProjectConfigurationPlatforms) = postSolution
		{709E84EA-10AE-445D-ABAD-35DE51D67373}.Debug|Any CPU.ActiveCfg = Debug|Any CPU
		{709E84EA-10AE-445D-ABAD-35DE51D67373}.Debug|Any CPU.Build.0 = Debug|Any CPU
		{709E84EA-10AE-445D-ABAD-35DE51D67373}.Release|Any CPU.ActiveCfg = Release|Any CPU
		{709E84EA-10AE-445D-ABAD-35DE51D67373}.Release|Any CPU.Build.0 = Release|Any CPU
	EndGlobalSection
	GlobalSection(SolutionProperties) = preSolution
		HideSolutionNode = FALSE
	EndGlobalSection
	GlobalSection(ExtensibilityGlobals) = postSolution
		SolutionGuid = {6544B079-02FC-408B-B808-3C0949891ED0}
	EndGlobalSection
EndGlobal
