# THIS IS AN AUTOGENERATED FILE. DO NOT EDIT THIS FILE DIRECTLY.
# yarn lockfile v1


"@vertx/core@3.9.1", "@vertx/core@^3.9.1":
  version "3.9.1"
  resolved "https://registry.yarnpkg.com/@vertx/core/-/core-3.9.1.tgz#5a4efcb5681f458fab8bf30fc780336c9313d6fc"
  integrity sha512-FG0+KXs9/5b/ntFwRE4/GDT+8hWKYSoBZR/09NeOjSzuERagdxiBnZq1YeyIVf9MuJY8/8zgDw4CeO7cQfTWGg==

"@vertx/unit@^3.9.1":
  version "3.9.1"
  resolved "https://registry.yarnpkg.com/@vertx/unit/-/unit-3.9.1.tgz#793dc02d3b0daba75ec05dc638b55795abcf65de"
  integrity sha512-gWTBJW9GTXNTvmh2h3aBWwpA79UbvrNaB8HqhGahOzgLiKtB4LSfpoMH3MPUbWIAZoWCima18PbgDUDJrnb9uQ==
  dependencies:
    "@vertx/core" "3.9.1"
